
Microsoft Visual Studio Solution File, Format Version 12.00
# Visual Studio Version 17
VisualStudioVersion = 17.9.34607.119
MinimumVisualStudioVersion = 10.0.40219.1
Project("{8BC9CEB8-8B4A-11D0-8D11-00A0C91BC942}") = "activitystruct_125", "activitystruct_125\activitystruct_125.vcxproj", "{BB776638-6DD8-4FF4-8F3F-DF36AEBAAB97}"
EndProject
Project("{8BC9CEB8-8B4A-11D0-8D11-00A0C91BC942}") = "projek 2", "projek 2\projek 2.vcxproj", "{E8703C1D-89A0-4D51-BF84-7E81E16C83B4}"
EndProject
Global
	GlobalSection(SolutionConfigurationPlatforms) = preSolution
		Debug|x64 = Debug|x64
		Debug|x86 = Debug|x86
		Release|x64 = Release|x64
		Release|x86 = Release|x86
	EndGlobalSection
	GlobalSection(ProjectConfigurationPlatforms) = postSolution
		{BB776638-6DD8-4FF4-8F3F-DF36AEBAAB97}.Debug|x64.ActiveCfg = Debug|x64
		{BB776638-6DD8-4FF4-8F3F-DF36AEBAAB97}.Debug|x64.Build.0 = Debug|x64
		{BB776638-6DD8-4FF4-8F3F-DF36AEBAAB97}.Debug|x86.ActiveCfg = Debug|Win32
		{BB776638-6DD8-4FF4-8F3F-DF36AEBAAB97}.Debug|x86.Build.0 = Debug|Win32
		{BB776638-6DD8-4FF4-8F3F-DF36AEBAAB97}.Release|x64.ActiveCfg = Release|x64
		{BB776638-6DD8-4FF4-8F3F-DF36AEBAAB97}.Release|x64.Build.0 = Release|x64
		{BB776638-6DD8-4FF4-8F3F-DF36AEBAAB97}.Release|x86.ActiveCfg = Release|Win32
		{BB776638-6DD8-4FF4-8F3F-DF36AEBAAB97}.Release|x86.Build.0 = Release|Win32
		{E8703C1D-89A0-4D51-BF84-7E81E16C83B4}.Debug|x64.ActiveCfg = Debug|x64
		{E8703C1D-89A0-4D51-BF84-7E81E16C83B4}.Debug|x64.Build.0 = Debug|x64
		{E8703C1D-89A0-4D51-BF84-7E81E16C83B4}.Debug|x86.ActiveCfg = Debug|Win32
		{E8703C1D-89A0-4D51-BF84-7E81E16C83B4}.Debug|x86.Build.0 = Debug|Win32
		{E8703C1D-89A0-4D51-BF84-7E81E16C83B4}.Release|x64.ActiveCfg = Release|x64
		{E8703C1D-89A0-4D51-BF84-7E81E16C83B4}.Release|x64.Build.0 = Release|x64
		{E8703C1D-89A0-4D51-BF84-7E81E16C83B4}.Release|x86.ActiveCfg = Release|Win32
		{E8703C1D-89A0-4D51-BF84-7E81E16C83B4}.Release|x86.Build.0 = Release|Win32
	EndGlobalSection
	GlobalSection(SolutionProperties) = preSolution
		HideSolutionNode = FALSE
	EndGlobalSection
	GlobalSection(ExtensibilityGlobals) = postSolution
		SolutionGuid = {740F845B-CE8D-4BA2-9B65-EAEBC4D5748E}
	EndGlobalSection
EndGlobal
